
Microsoft Visual Studio Solution File, Format Version 12.00
# Visual Studio Version 16
VisualStudioVersion = 16.0.32428.217
MinimumVisualStudioVersion = 10.0.40219.1
Project("{9A19103F-16F7-4668-BE54-9A1E7A4F7556}") = "AppVenta.Dominio", "AppVenta.Dominio.csproj", "{27E06AE3-975A-4176-9A90-42295146D2A4}"
EndProject
Project("{FAE04EC0-301F-11D3-BF4B-00C04F79EFBC}") = "App.Venta.Aplicacion", "..\App.Venta.Aplicacion\App.Venta.Aplicacion.csproj", "{7150B7F5-7C2E-4D1E-BBAF-13BF0F376D73}"
EndProject
Global
	GlobalSection(SolutionConfigurationPlatforms) = preSolution
		Debug|Any CPU = Debug|Any CPU
		Release|Any CPU = Release|Any CPU
	EndGlobalSection
	GlobalSection(ProjectConfigurationPlatforms) = postSolution
		{27E06AE3-975A-4176-9A90-42295146D2A4}.Debug|Any CPU.ActiveCfg = Debug|Any CPU
		{27E06AE3-975A-4176-9A90-42295146D2A4}.Debug|Any CPU.Build.0 = Debug|Any CPU
		{27E06AE3-975A-4176-9A90-42295146D2A4}.Release|Any CPU.ActiveCfg = Release|Any CPU
		{27E06AE3-975A-4176-9A90-42295146D2A4}.Release|Any CPU.Build.0 = Release|Any CPU
		{7150B7F5-7C2E-4D1E-BBAF-13BF0F376D73}.Debug|Any CPU.ActiveCfg = Debug|Any CPU
		{7150B7F5-7C2E-4D1E-BBAF-13BF0F376D73}.Debug|Any CPU.Build.0 = Debug|Any CPU
		{7150B7F5-7C2E-4D1E-BBAF-13BF0F376D73}.Release|Any CPU.ActiveCfg = Release|Any CPU
		{7150B7F5-7C2E-4D1E-BBAF-13BF0F376D73}.Release|Any CPU.Build.0 = Release|Any CPU
	EndGlobalSection
	GlobalSection(SolutionProperties) = preSolution
		HideSolutionNode = FALSE
	EndGlobalSection
	GlobalSection(ExtensibilityGlobals) = postSolution
		SolutionGuid = {AB19F202-0657-4BC2-912A-186AA624CBC2}
	EndGlobalSection
EndGlobal
